
Microsoft Visual Studio Solution File, Format Version 12.00
# Visual Studio Version 16
VisualStudioVersion = 16.0.30717.126
MinimumVisualStudioVersion = 10.0.40219.1
Project("{2150E333-8FDC-42A3-9474-1A3956D46DE8}") = "Services", "Services", "{4D868D03-42D0-4B08-AB1F-298A7225D5F9}"
EndProject
Project("{2150E333-8FDC-42A3-9474-1A3956D46DE8}") = "Catalog", "Catalog", "{8DFE6301-BED5-4A07-B7A3-876F866235BC}"
EndProject
Project("{FAE04EC0-301F-11D3-BF4B-00C04F79EFBC}") = "Catalog.API", "Services\Catalog\Catalog.API\Catalog.API.csproj", "{98FD68AA-43E5-4BAB-8CC2-0E7C1874A7BC}"
EndProject
Global
	GlobalSection(SolutionConfigurationPlatforms) = preSolution
		Debug|Any CPU = Debug|Any CPU
		Release|Any CPU = Release|Any CPU
	EndGlobalSection
	GlobalSection(ProjectConfigurationPlatforms) = postSolution
		{98FD68AA-43E5-4BAB-8CC2-0E7C1874A7BC}.Debug|Any CPU.ActiveCfg = Debug|Any CPU
		{98FD68AA-43E5-4BAB-8CC2-0E7C1874A7BC}.Debug|Any CPU.Build.0 = Debug|Any CPU
		{98FD68AA-43E5-4BAB-8CC2-0E7C1874A7BC}.Release|Any CPU.ActiveCfg = Release|Any CPU
		{98FD68AA-43E5-4BAB-8CC2-0E7C1874A7BC}.Release|Any CPU.Build.0 = Release|Any CPU
	EndGlobalSection
	GlobalSection(SolutionProperties) = preSolution
		HideSolutionNode = FALSE
	EndGlobalSection
	GlobalSection(NestedProjects) = preSolution
		{8DFE6301-BED5-4A07-B7A3-876F866235BC} = {4D868D03-42D0-4B08-AB1F-298A7225D5F9}
		{98FD68AA-43E5-4BAB-8CC2-0E7C1874A7BC} = {8DFE6301-BED5-4A07-B7A3-876F866235BC}
	EndGlobalSection
	GlobalSection(ExtensibilityGlobals) = postSolution
		SolutionGuid = {9AB66ECF-04C3-4D4B-85C4-2B0647B74169}
	EndGlobalSection
EndGlobal
